
Microsoft Visual Studio Solution File, Format Version 12.00
# Visual Studio Version 16
VisualStudioVersion = 16.0.31911.196
MinimumVisualStudioVersion = 10.0.40219.1
Project("{8BC9CEB8-8B4A-11D0-8D11-00A0C91BC942}") = "Day01-SonarSweep", "Day01-SonarSweep\Day01-SonarSweep.vcxproj", "{6AEA84D6-4913-4ECC-AD97-3479628C1A3F}"
EndProject
Project("{8BC9CEB8-8B4A-11D0-8D11-00A0C91BC942}") = "Day02-Dive", "Day02-Dive\Day02-Dive.vcxproj", "{CD5AFD3D-BBA2-47D4-AB40-1BE3C8B6F5E6}"
EndProject
Project("{8BC9CEB8-8B4A-11D0-8D11-00A0C91BC942}") = "Day03-BinaryDiagnostic", "Day3-BinaryDiagnostic\Day3-BinaryDiagnostic.vcxproj", "{837F0A67-783D-4158-91A6-D84C75A7A21E}"
EndProject
Project("{8BC9CEB8-8B4A-11D0-8D11-00A0C91BC942}") = "Day04-GiantSquid", "Day04-GiantSquid\Day04-GiantSquid.vcxproj", "{DA785AC4-AE9D-4E29-9DEC-9130B620933F}"
EndProject
Project("{8BC9CEB8-8B4A-11D0-8D11-00A0C91BC942}") = "Day05-Hydrothermal-Venture", "Day05-Hydrothermal-Venture\Day05-Hydrothermal-Venture.vcxproj", "{B3B97C8C-5B2D-44EB-A275-8F63B2ED31C5}"
EndProject
Project("{8BC9CEB8-8B4A-11D0-8D11-00A0C91BC942}") = "Day06-Lanternfish", "Day06-Lanternfish\Day06-Lanternfish.vcxproj", "{B8811A61-ABB5-4CFF-92E6-63A9C7111AEB}"
EndProject
Project("{8BC9CEB8-8B4A-11D0-8D11-00A0C91BC942}") = "Day07-Treachery-of-Whales", "Day07-Treachery-of-Whales\Day07-Treachery-of-Whales.vcxproj", "{E3CC9A3C-9EB5-47AC-B4BF-42AAD49F3C42}"
EndProject
Project("{8BC9CEB8-8B4A-11D0-8D11-00A0C91BC942}") = "Day08-Seven-Segment-Search", "Day08-Seven-Segment-Search\Day08-Seven-Segment-Search.vcxproj", "{65DCB66C-802C-445F-82D8-BC82B570DC1B}"
EndProject
Project("{8BC9CEB8-8B4A-11D0-8D11-00A0C91BC942}") = "Day09-SmokeBasin", "Day09-SmokeBasin\Day09-SmokeBasin.vcxproj", "{31B680BA-B56F-450B-8EB3-899B68F3679C}"
EndProject
Project("{8BC9CEB8-8B4A-11D0-8D11-00A0C91BC942}") = "Day10-SyntaxSorting", "Day10-SyntaxSorting\Day10-SyntaxSorting.vcxproj", "{2B07A9B6-FE49-4256-9CFE-29511D5C51D2}"
EndProject
Project("{8BC9CEB8-8B4A-11D0-8D11-00A0C91BC942}") = "Day11-DumboOctopus", "Day11-DumboOctopus\Day11-DumboOctopus.vcxproj", "{55A698FD-C9D8-42DC-8B13-C67ED29C71F7}"
EndProject
Project("{8BC9CEB8-8B4A-11D0-8D11-00A0C91BC942}") = "Day12-PassagePathing", "Day12-PassagePathing\Day12-PassagePathing.vcxproj", "{30828EA2-1DFD-4D62-8E97-DB6A075A4B81}"
EndProject
Project("{8BC9CEB8-8B4A-11D0-8D11-00A0C91BC942}") = "Day13-TransparrentOrigami", "Day13-TransparrentOrigami\Day13-TransparrentOrigami.vcxproj", "{66F2CA27-3906-4613-A814-293556A7DC31}"
EndProject
Project("{8BC9CEB8-8B4A-11D0-8D11-00A0C91BC942}") = "Day14-ExtendedPolymerization", "Day14-ExtendedPolymerization\Day14-ExtendedPolymerization.vcxproj", "{46767369-2F5D-4AA0-9D70-C066DE9A7EBF}"
EndProject
Project("{8BC9CEB8-8B4A-11D0-8D11-00A0C91BC942}") = "Day15-Chiton", "Day15-Chiton\Day15-Chiton.vcxproj", "{6715D3D2-972C-4E8F-98B0-EC45900DD5DB}"
EndProject
Project("{8BC9CEB8-8B4A-11D0-8D11-00A0C91BC942}") = "Day16-PacketDecoder", "Day16-PacketDecoder\Day16-PacketDecoder.vcxproj", "{1016F9E1-B587-4414-BC6E-DEF546C9695A}"
EndProject
Project("{8BC9CEB8-8B4A-11D0-8D11-00A0C91BC942}") = "Day16.1-Unittest", "Day16.1-Unittest\Day16.1-Unittest.vcxproj", "{632F9137-693B-4540-80C2-FFB34001EE8C}"
EndProject
Project("{8BC9CEB8-8B4A-11D0-8D11-00A0C91BC942}") = "Day17-TrickShot", "Day17-TrickShot\Day17-TrickShot.vcxproj", "{78577B9C-0D90-4513-992B-A909A3ED15A8}"
EndProject
Project("{8BC9CEB8-8B4A-11D0-8D11-00A0C91BC942}") = "Day18-Snailfish", "Day18-Snailfish\Day18-Snailfish.vcxproj", "{B7185BF3-C8B1-4B5A-AE2C-698A9B4DF173}"
EndProject
Project("{8BC9CEB8-8B4A-11D0-8D11-00A0C91BC942}") = "Day18.1-Unittest", "Day18.1-Unittest\Day18.1-Unittest.vcxproj", "{9DB7DCFC-630C-46B4-9D33-7867556086EE}"
EndProject
Project("{8BC9CEB8-8B4A-11D0-8D11-00A0C91BC942}") = "Day19-BeaconScanner", "Day19-BeaconScanner\Day19-BeaconScanner.vcxproj", "{522EC1E7-86AB-41AB-91BD-A18A27013ED0}"
EndProject
Global
	GlobalSection(SolutionConfigurationPlatforms) = preSolution
		Debug|x64 = Debug|x64
		Debug|x86 = Debug|x86
		Release|x64 = Release|x64
		Release|x86 = Release|x86
	EndGlobalSection
	GlobalSection(ProjectConfigurationPlatforms) = postSolution
		{6AEA84D6-4913-4ECC-AD97-3479628C1A3F}.Debug|x64.ActiveCfg = Debug|x64
		{6AEA84D6-4913-4ECC-AD97-3479628C1A3F}.Debug|x64.Build.0 = Debug|x64
		{6AEA84D6-4913-4ECC-AD97-3479628C1A3F}.Debug|x86.ActiveCfg = Debug|Win32
		{6AEA84D6-4913-4ECC-AD97-3479628C1A3F}.Debug|x86.Build.0 = Debug|Win32
		{6AEA84D6-4913-4ECC-AD97-3479628C1A3F}.Release|x64.ActiveCfg = Release|x64
		{6AEA84D6-4913-4ECC-AD97-3479628C1A3F}.Release|x64.Build.0 = Release|x64
		{6AEA84D6-4913-4ECC-AD97-3479628C1A3F}.Release|x86.ActiveCfg = Release|Win32
		{6AEA84D6-4913-4ECC-AD97-3479628C1A3F}.Release|x86.Build.0 = Release|Win32
		{CD5AFD3D-BBA2-47D4-AB40-1BE3C8B6F5E6}.Debug|x64.ActiveCfg = Debug|x64
		{CD5AFD3D-BBA2-47D4-AB40-1BE3C8B6F5E6}.Debug|x64.Build.0 = Debug|x64
		{CD5AFD3D-BBA2-47D4-AB40-1BE3C8B6F5E6}.Debug|x86.ActiveCfg = Debug|Win32
		{CD5AFD3D-BBA2-47D4-AB40-1BE3C8B6F5E6}.Debug|x86.Build.0 = Debug|Win32
		{CD5AFD3D-BBA2-47D4-AB40-1BE3C8B6F5E6}.Release|x64.ActiveCfg = Release|x64
		{CD5AFD3D-BBA2-47D4-AB40-1BE3C8B6F5E6}.Release|x64.Build.0 = Release|x64
		{CD5AFD3D-BBA2-47D4-AB40-1BE3C8B6F5E6}.Release|x86.ActiveCfg = Release|Win32
		{CD5AFD3D-BBA2-47D4-AB40-1BE3C8B6F5E6}.Release|x86.Build.0 = Release|Win32
		{837F0A67-783D-4158-91A6-D84C75A7A21E}.Debug|x64.ActiveCfg = Debug|x64
		{837F0A67-783D-4158-91A6-D84C75A7A21E}.Debug|x64.Build.0 = Debug|x64
		{837F0A67-783D-4158-91A6-D84C75A7A21E}.Debug|x86.ActiveCfg = Debug|Win32
		{837F0A67-783D-4158-91A6-D84C75A7A21E}.Debug|x86.Build.0 = Debug|Win32
		{837F0A67-783D-4158-91A6-D84C75A7A21E}.Release|x64.ActiveCfg = Release|x64
		{837F0A67-783D-4158-91A6-D84C75A7A21E}.Release|x64.Build.0 = Release|x64
		{837F0A67-783D-4158-91A6-D84C75A7A21E}.Release|x86.ActiveCfg = Release|Win32
		{837F0A67-783D-4158-91A6-D84C75A7A21E}.Release|x86.Build.0 = Release|Win32
		{DA785AC4-AE9D-4E29-9DEC-9130B620933F}.Debug|x64.ActiveCfg = Debug|x64
		{DA785AC4-AE9D-4E29-9DEC-9130B620933F}.Debug|x64.Build.0 = Debug|x64
		{DA785AC4-AE9D-4E29-9DEC-9130B620933F}.Debug|x86.ActiveCfg = Debug|Win32
		{DA785AC4-AE9D-4E29-9DEC-9130B620933F}.Debug|x86.Build.0 = Debug|Win32
		{DA785AC4-AE9D-4E29-9DEC-9130B620933F}.Release|x64.ActiveCfg = Release|x64
		{DA785AC4-AE9D-4E29-9DEC-9130B620933F}.Release|x64.Build.0 = Release|x64
		{DA785AC4-AE9D-4E29-9DEC-9130B620933F}.Release|x86.ActiveCfg = Release|Win32
		{DA785AC4-AE9D-4E29-9DEC-9130B620933F}.Release|x86.Build.0 = Release|Win32
		{B3B97C8C-5B2D-44EB-A275-8F63B2ED31C5}.Debug|x64.ActiveCfg = Debug|x64
		{B3B97C8C-5B2D-44EB-A275-8F63B2ED31C5}.Debug|x64.Build.0 = Debug|x64
		{B3B97C8C-5B2D-44EB-A275-8F63B2ED31C5}.Debug|x86.ActiveCfg = Debug|Win32
		{B3B97C8C-5B2D-44EB-A275-8F63B2ED31C5}.Debug|x86.Build.0 = Debug|Win32
		{B3B97C8C-5B2D-44EB-A275-8F63B2ED31C5}.Release|x64.ActiveCfg = Release|x64
		{B3B97C8C-5B2D-44EB-A275-8F63B2ED31C5}.Release|x64.Build.0 = Release|x64
		{B3B97C8C-5B2D-44EB-A275-8F63B2ED31C5}.Release|x86.ActiveCfg = Release|Win32
		{B3B97C8C-5B2D-44EB-A275-8F63B2ED31C5}.Release|x86.Build.0 = Release|Win32
		{B8811A61-ABB5-4CFF-92E6-63A9C7111AEB}.Debug|x64.ActiveCfg = Debug|x64
		{B8811A61-ABB5-4CFF-92E6-63A9C7111AEB}.Debug|x64.Build.0 = Debug|x64
		{B8811A61-ABB5-4CFF-92E6-63A9C7111AEB}.Debug|x86.ActiveCfg = Debug|Win32
		{B8811A61-ABB5-4CFF-92E6-63A9C7111AEB}.Debug|x86.Build.0 = Debug|Win32
		{B8811A61-ABB5-4CFF-92E6-63A9C7111AEB}.Release|x64.ActiveCfg = Release|x64
		{B8811A61-ABB5-4CFF-92E6-63A9C7111AEB}.Release|x64.Build.0 = Release|x64
		{B8811A61-ABB5-4CFF-92E6-63A9C7111AEB}.Release|x86.ActiveCfg = Release|Win32
		{B8811A61-ABB5-4CFF-92E6-63A9C7111AEB}.Release|x86.Build.0 = Release|Win32
		{E3CC9A3C-9EB5-47AC-B4BF-42AAD49F3C42}.Debug|x64.ActiveCfg = Debug|x64
		{E3CC9A3C-9EB5-47AC-B4BF-42AAD49F3C42}.Debug|x64.Build.0 = Debug|x64
		{E3CC9A3C-9EB5-47AC-B4BF-42AAD49F3C42}.Debug|x86.ActiveCfg = Debug|Win32
		{E3CC9A3C-9EB5-47AC-B4BF-42AAD49F3C42}.Debug|x86.Build.0 = Debug|Win32
		{E3CC9A3C-9EB5-47AC-B4BF-42AAD49F3C42}.Release|x64.ActiveCfg = Release|x64
		{E3CC9A3C-9EB5-47AC-B4BF-42AAD49F3C42}.Release|x64.Build.0 = Release|x64
		{E3CC9A3C-9EB5-47AC-B4BF-42AAD49F3C42}.Release|x86.ActiveCfg = Release|Win32
		{E3CC9A3C-9EB5-47AC-B4BF-42AAD49F3C42}.Release|x86.Build.0 = Release|Win32
		{65DCB66C-802C-445F-82D8-BC82B570DC1B}.Debug|x64.ActiveCfg = Debug|x64
		{65DCB66C-802C-445F-82D8-BC82B570DC1B}.Debug|x64.Build.0 = Debug|x64
		{65DCB66C-802C-445F-82D8-BC82B570DC1B}.Debug|x86.ActiveCfg = Debug|Win32
		{65DCB66C-802C-445F-82D8-BC82B570DC1B}.Debug|x86.Build.0 = Debug|Win32
		{65DCB66C-802C-445F-82D8-BC82B570DC1B}.Release|x64.ActiveCfg = Release|x64
		{65DCB66C-802C-445F-82D8-BC82B570DC1B}.Release|x64.Build.0 = Release|x64
		{65DCB66C-802C-445F-82D8-BC82B570DC1B}.Release|x86.ActiveCfg = Release|Win32
		{65DCB66C-802C-445F-82D8-BC82B570DC1B}.Release|x86.Build.0 = Release|Win32
		{31B680BA-B56F-450B-8EB3-899B68F3679C}.Debug|x64.ActiveCfg = Debug|x64
		{31B680BA-B56F-450B-8EB3-899B68F3679C}.Debug|x64.Build.0 = Debug|x64
		{31B680BA-B56F-450B-8EB3-899B68F3679C}.Debug|x86.ActiveCfg = Debug|Win32
		{31B680BA-B56F-450B-8EB3-899B68F3679C}.Debug|x86.Build.0 = Debug|Win32
		{31B680BA-B56F-450B-8EB3-899B68F3679C}.Release|x64.ActiveCfg = Release|x64
		{31B680BA-B56F-450B-8EB3-899B68F3679C}.Release|x64.Build.0 = Release|x64
		{31B680BA-B56F-450B-8EB3-899B68F3679C}.Release|x86.ActiveCfg = Release|Win32
		{31B680BA-B56F-450B-8EB3-899B68F3679C}.Release|x86.Build.0 = Release|Win32
		{2B07A9B6-FE49-4256-9CFE-29511D5C51D2}.Debug|x64.ActiveCfg = Debug|x64
		{2B07A9B6-FE49-4256-9CFE-29511D5C51D2}.Debug|x64.Build.0 = Debug|x64
		{2B07A9B6-FE49-4256-9CFE-29511D5C51D2}.Debug|x86.ActiveCfg = Debug|Win32
		{2B07A9B6-FE49-4256-9CFE-29511D5C51D2}.Debug|x86.Build.0 = Debug|Win32
		{2B07A9B6-FE49-4256-9CFE-29511D5C51D2}.Release|x64.ActiveCfg = Release|x64
		{2B07A9B6-FE49-4256-9CFE-29511D5C51D2}.Release|x64.Build.0 = Release|x64
		{2B07A9B6-FE49-4256-9CFE-29511D5C51D2}.Release|x86.ActiveCfg = Release|Win32
		{2B07A9B6-FE49-4256-9CFE-29511D5C51D2}.Release|x86.Build.0 = Release|Win32
		{55A698FD-C9D8-42DC-8B13-C67ED29C71F7}.Debug|x64.ActiveCfg = Debug|x64
		{55A698FD-C9D8-42DC-8B13-C67ED29C71F7}.Debug|x64.Build.0 = Debug|x64
		{55A698FD-C9D8-42DC-8B13-C67ED29C71F7}.Debug|x86.ActiveCfg = Debug|Win32
		{55A698FD-C9D8-42DC-8B13-C67ED29C71F7}.Debug|x86.Build.0 = Debug|Win32
		{55A698FD-C9D8-42DC-8B13-C67ED29C71F7}.Release|x64.ActiveCfg = Release|x64
		{55A698FD-C9D8-42DC-8B13-C67ED29C71F7}.Release|x64.Build.0 = Release|x64
		{55A698FD-C9D8-42DC-8B13-C67ED29C71F7}.Release|x86.ActiveCfg = Release|Win32
		{55A698FD-C9D8-42DC-8B13-C67ED29C71F7}.Release|x86.Build.0 = Release|Win32
		{30828EA2-1DFD-4D62-8E97-DB6A075A4B81}.Debug|x64.ActiveCfg = Debug|x64
		{30828EA2-1DFD-4D62-8E97-DB6A075A4B81}.Debug|x64.Build.0 = Debug|x64
		{30828EA2-1DFD-4D62-8E97-DB6A075A4B81}.Debug|x86.ActiveCfg = Debug|Win32
		{30828EA2-1DFD-4D62-8E97-DB6A075A4B81}.Debug|x86.Build.0 = Debug|Win32
		{30828EA2-1DFD-4D62-8E97-DB6A075A4B81}.Release|x64.ActiveCfg = Release|x64
		{30828EA2-1DFD-4D62-8E97-DB6A075A4B81}.Release|x64.Build.0 = Release|x64
		{30828EA2-1DFD-4D62-8E97-DB6A075A4B81}.Release|x86.ActiveCfg = Release|Win32
		{30828EA2-1DFD-4D62-8E97-DB6A075A4B81}.Release|x86.Build.0 = Release|Win32
		{66F2CA27-3906-4613-A814-293556A7DC31}.Debug|x64.ActiveCfg = Debug|x64
		{66F2CA27-3906-4613-A814-293556A7DC31}.Debug|x64.Build.0 = Debug|x64
		{66F2CA27-3906-4613-A814-293556A7DC31}.Debug|x86.ActiveCfg = Debug|Win32
		{66F2CA27-3906-4613-A814-293556A7DC31}.Debug|x86.Build.0 = Debug|Win32
		{66F2CA27-3906-4613-A814-293556A7DC31}.Release|x64.ActiveCfg = Release|x64
		{66F2CA27-3906-4613-A814-293556A7DC31}.Release|x64.Build.0 = Release|x64
		{66F2CA27-3906-4613-A814-293556A7DC31}.Release|x86.ActiveCfg = Release|Win32
		{66F2CA27-3906-4613-A814-293556A7DC31}.Release|x86.Build.0 = Release|Win32
		{46767369-2F5D-4AA0-9D70-C066DE9A7EBF}.Debug|x64.ActiveCfg = Debug|x64
		{46767369-2F5D-4AA0-9D70-C066DE9A7EBF}.Debug|x64.Build.0 = Debug|x64
		{46767369-2F5D-4AA0-9D70-C066DE9A7EBF}.Debug|x86.ActiveCfg = Debug|Win32
		{46767369-2F5D-4AA0-9D70-C066DE9A7EBF}.Debug|x86.Build.0 = Debug|Win32
		{46767369-2F5D-4AA0-9D70-C066DE9A7EBF}.Release|x64.ActiveCfg = Release|x64
		{46767369-2F5D-4AA0-9D70-C066DE9A7EBF}.Release|x64.Build.0 = Release|x64
		{46767369-2F5D-4AA0-9D70-C066DE9A7EBF}.Release|x86.ActiveCfg = Release|Win32
		{46767369-2F5D-4AA0-9D70-C066DE9A7EBF}.Release|x86.Build.0 = Release|Win32
		{6715D3D2-972C-4E8F-98B0-EC45900DD5DB}.Debug|x64.ActiveCfg = Debug|x64
		{6715D3D2-972C-4E8F-98B0-EC45900DD5DB}.Debug|x64.Build.0 = Debug|x64
		{6715D3D2-972C-4E8F-98B0-EC45900DD5DB}.Debug|x86.ActiveCfg = Debug|Win32
		{6715D3D2-972C-4E8F-98B0-EC45900DD5DB}.Debug|x86.Build.0 = Debug|Win32
		{6715D3D2-972C-4E8F-98B0-EC45900DD5DB}.Release|x64.ActiveCfg = Release|x64
		{6715D3D2-972C-4E8F-98B0-EC45900DD5DB}.Release|x64.Build.0 = Release|x64
		{6715D3D2-972C-4E8F-98B0-EC45900DD5DB}.Release|x86.ActiveCfg = Release|Win32
		{6715D3D2-972C-4E8F-98B0-EC45900DD5DB}.Release|x86.Build.0 = Release|Win32
		{1016F9E1-B587-4414-BC6E-DEF546C9695A}.Debug|x64.ActiveCfg = Debug|x64
		{1016F9E1-B587-4414-BC6E-DEF546C9695A}.Debug|x64.Build.0 = Debug|x64
		{1016F9E1-B587-4414-BC6E-DEF546C9695A}.Debug|x86.ActiveCfg = Debug|Win32
		{1016F9E1-B587-4414-BC6E-DEF546C9695A}.Debug|x86.Build.0 = Debug|Win32
		{1016F9E1-B587-4414-BC6E-DEF546C9695A}.Release|x64.ActiveCfg = Release|x64
		{1016F9E1-B587-4414-BC6E-DEF546C9695A}.Release|x64.Build.0 = Release|x64
		{1016F9E1-B587-4414-BC6E-DEF546C9695A}.Release|x86.ActiveCfg = Release|Win32
		{1016F9E1-B587-4414-BC6E-DEF546C9695A}.Release|x86.Build.0 = Release|Win32
		{632F9137-693B-4540-80C2-FFB34001EE8C}.Debug|x64.ActiveCfg = Debug|x64
		{632F9137-693B-4540-80C2-FFB34001EE8C}.Debug|x64.Build.0 = Debug|x64
		{632F9137-693B-4540-80C2-FFB34001EE8C}.Debug|x86.ActiveCfg = Debug|Win32
		{632F9137-693B-4540-80C2-FFB34001EE8C}.Debug|x86.Build.0 = Debug|Win32
		{632F9137-693B-4540-80C2-FFB34001EE8C}.Release|x64.ActiveCfg = Release|x64
		{632F9137-693B-4540-80C2-FFB34001EE8C}.Release|x64.Build.0 = Release|x64
		{632F9137-693B-4540-80C2-FFB34001EE8C}.Release|x86.ActiveCfg = Release|Win32
		{632F9137-693B-4540-80C2-FFB34001EE8C}.Release|x86.Build.0 = Release|Win32
		{78577B9C-0D90-4513-992B-A909A3ED15A8}.Debug|x64.ActiveCfg = Debug|x64
		{78577B9C-0D90-4513-992B-A909A3ED15A8}.Debug|x64.Build.0 = Debug|x64
		{78577B9C-0D90-4513-992B-A909A3ED15A8}.Debug|x86.ActiveCfg = Debug|Win32
		{78577B9C-0D90-4513-992B-A909A3ED15A8}.Debug|x86.Build.0 = Debug|Win32
		{78577B9C-0D90-4513-992B-A909A3ED15A8}.Release|x64.ActiveCfg = Release|x64
		{78577B9C-0D90-4513-992B-A909A3ED15A8}.Release|x64.Build.0 = Release|x64
		{78577B9C-0D90-4513-992B-A909A3ED15A8}.Release|x86.ActiveCfg = Release|Win32
		{78577B9C-0D90-4513-992B-A909A3ED15A8}.Release|x86.Build.0 = Release|Win32
		{B7185BF3-C8B1-4B5A-AE2C-698A9B4DF173}.Debug|x64.ActiveCfg = Debug|x64
		{B7185BF3-C8B1-4B5A-AE2C-698A9B4DF173}.Debug|x64.Build.0 = Debug|x64
		{B7185BF3-C8B1-4B5A-AE2C-698A9B4DF173}.Debug|x86.ActiveCfg = Debug|Win32
		{B7185BF3-C8B1-4B5A-AE2C-698A9B4DF173}.Debug|x86.Build.0 = Debug|Win32
		{B7185BF3-C8B1-4B5A-AE2C-698A9B4DF173}.Release|x64.ActiveCfg = Release|x64
		{B7185BF3-C8B1-4B5A-AE2C-698A9B4DF173}.Release|x64.Build.0 = Release|x64
		{B7185BF3-C8B1-4B5A-AE2C-698A9B4DF173}.Release|x86.ActiveCfg = Release|Win32
		{B7185BF3-C8B1-4B5A-AE2C-698A9B4DF173}.Release|x86.Build.0 = Release|Win32
		{9DB7DCFC-630C-46B4-9D33-7867556086EE}.Debug|x64.ActiveCfg = Debug|x64
		{9DB7DCFC-630C-46B4-9D33-7867556086EE}.Debug|x64.Build.0 = Debug|x64
		{9DB7DCFC-630C-46B4-9D33-7867556086EE}.Debug|x86.ActiveCfg = Debug|Win32
		{9DB7DCFC-630C-46B4-9D33-7867556086EE}.Debug|x86.Build.0 = Debug|Win32
		{9DB7DCFC-630C-46B4-9D33-7867556086EE}.Release|x64.ActiveCfg = Release|x64
		{9DB7DCFC-630C-46B4-9D33-7867556086EE}.Release|x64.Build.0 = Release|x64
		{9DB7DCFC-630C-46B4-9D33-7867556086EE}.Release|x86.ActiveCfg = Release|Win32
		{9DB7DCFC-630C-46B4-9D33-7867556086EE}.Release|x86.Build.0 = Release|Win32
		{522EC1E7-86AB-41AB-91BD-A18A27013ED0}.Debug|x64.ActiveCfg = Debug|x64
		{522EC1E7-86AB-41AB-91BD-A18A27013ED0}.Debug|x64.Build.0 = Debug|x64
		{522EC1E7-86AB-41AB-91BD-A18A27013ED0}.Debug|x86.ActiveCfg = Debug|Win32
		{522EC1E7-86AB-41AB-91BD-A18A27013ED0}.Debug|x86.Build.0 = Debug|Win32
		{522EC1E7-86AB-41AB-91BD-A18A27013ED0}.Release|x64.ActiveCfg = Release|x64
		{522EC1E7-86AB-41AB-91BD-A18A27013ED0}.Release|x64.Build.0 = Release|x64
		{522EC1E7-86AB-41AB-91BD-A18A27013ED0}.Release|x86.ActiveCfg = Release|Win32
		{522EC1E7-86AB-41AB-91BD-A18A27013ED0}.Release|x86.Build.0 = Release|Win32
	EndGlobalSection
	GlobalSection(SolutionProperties) = preSolution
		HideSolutionNode = FALSE
	EndGlobalSection
	GlobalSection(ExtensibilityGlobals) = postSolution
		SolutionGuid = {B566E1B3-964D-4598-8F1A-6E65C1ADF19C}
	EndGlobalSection
EndGlobal
